<?xml version="1.0" encoding="utf-8"?>
<Project ToolsVersion="4.0" xmlns="http://schemas.microsoft.com/developer/msbuild/2003">
  <ItemGroup>
    <Filter Include="Pliki zasobów">
      <UniqueIdentifier>{67DA6AB6-F800-4c08-8B7A-83BB121AAD01}</UniqueIdentifier>
      <Extensions>rc;ico;cur;bmp;dlg;rc2;rct;bin;rgs;gif;jpg;jpeg;jpe;resx;tiff;tif;png;wav;mfcribbon-ms</Extensions>
    </Filter>
    <Filter Include="ImGui source">
      <UniqueIdentifier>{9f9ca53c-8f18-44ab-b20c-f5b1b09cd075}</UniqueIdentifier>
    </Filter>
    <Filter Include="MinHook">
      <UniqueIdentifier>{0d29d2ff-a532-4f99-9aa0-40f7f3c5975c}</UniqueIdentifier>
    </Filter>
    <Filter Include="Source">
      <UniqueIdentifier>{4FC737F1-C7A5-4376-A066-2A32D752A2FF}</UniqueIdentifier>
      <Extensions>cpp;c;cc;cxx;c++;cppm;ixx;def;odl;idl;hpj;bat;asm;asmx</Extensions>
    </Filter>
    <Filter Include="Headers">
      <UniqueIdentifier>{93995380-89BD-4b04-88EB-625FBE52EBFB}</UniqueIdentifier>
      <Extensions>h;hh;hpp;hxx;h++;hm;inl;inc;ipp;xsd</Extensions>
    </Filter>
  </ItemGroup>
  <ItemGroup>
    <ClCompile Include="main code.cpp">
      <Filter>Source</Filter>
    </ClCompile>
    <ClCompile Include="ImGui\imgui.cpp">
      <Filter>ImGui source</Filter>
    </ClCompile>
    <ClCompile Include="ImGui\imgui_demo.cpp">
      <Filter>ImGui source</Filter>
    </ClCompile>
    <ClCompile Include="ImGui\imgui_draw.cpp">
      <Filter>ImGui source</Filter>
    </ClCompile>
    <ClCompile Include="ImGui\imgui_impl_dx9.cpp">
      <Filter>ImGui source</Filter>
    </ClCompile>
    <ClCompile Include="ImGui\imgui_impl_win32.cpp">
      <Filter>ImGui source</Filter>
    </ClCompile>
    <ClCompile Include="ImGui\imgui_widgets.cpp">
      <Filter>ImGui source</Filter>
    </ClCompile>
    <ClCompile Include="kiero.cpp">
      <Filter>Source</Filter>
    </ClCompile>
    <ClCompile Include="minhook\buffer.c">
      <Filter>MinHook</Filter>
    </ClCompile>
    <ClCompile Include="minhook\hde32.c">
      <Filter>MinHook</Filter>
    </ClCompile>
    <ClCompile Include="minhook\hde64.c">
      <Filter>MinHook</Filter>
    </ClCompile>
    <ClCompile Include="minhook\hook.c">
      <Filter>MinHook</Filter>
    </ClCompile>
    <ClCompile Include="minhook\trampoline.c">
      <Filter>MinHook</Filter>
    </ClCompile>
  </ItemGroup>
  <ItemGroup>
    <ClInclude Include="ImGui\imconfig.h">
      <Filter>ImGui source</Filter>
    </ClInclude>
    <ClInclude Include="ImGui\imgui.h">
      <Filter>ImGui source</Filter>
    </ClInclude>
    <ClInclude Include="ImGui\imgui_impl_dx9.h">
      <Filter>ImGui source</Filter>
    </ClInclude>
    <ClInclude Include="ImGui\imgui_impl_win32.h">
      <Filter>ImGui source</Filter>
    </ClInclude>
    <ClInclude Include="ImGui\imgui_internal.h">
      <Filter>ImGui source</Filter>
    </ClInclude>
    <ClInclude Include="ImGui\imstb_rectpack.h">
      <Filter>ImGui source</Filter>
    </ClInclude>
    <ClInclude Include="ImGui\imstb_textedit.h">
      <Filter>ImGui source</Filter>
    </ClInclude>
    <ClInclude Include="ImGui\imstb_truetype.h">
      <Filter>ImGui source</Filter>
    </ClInclude>
    <ClInclude Include="kiero.h">
      <Filter>Headers</Filter>
    </ClInclude>
    <ClInclude Include="minhook\buffer.h">
      <Filter>MinHook</Filter>
    </ClInclude>
    <ClInclude Include="minhook\hde32.h">
      <Filter>MinHook</Filter>
    </ClInclude>
    <ClInclude Include="minhook\hde64.h">
      <Filter>MinHook</Filter>
    </ClInclude>
    <ClInclude Include="minhook\MinHook.h">
      <Filter>MinHook</Filter>
    </ClInclude>
    <ClInclude Include="minhook\pstdint.h">
      <Filter>MinHook</Filter>
    </ClInclude>
    <ClInclude Include="minhook\table32.h">
      <Filter>MinHook</Filter>
    </ClInclude>
    <ClInclude Include="minhook\table64.h">
      <Filter>MinHook</Filter>
    </ClInclude>
    <ClInclude Include="minhook\trampoline.h">
      <Filter>MinHook</Filter>
    </ClInclude>
    <ClInclude Include="xorstr.h">
      <Filter>Headers</Filter>
    </ClInclude>
    <ClInclude Include="def.h">
      <Filter>Headers</Filter>
    </ClInclude>
    <ClInclude Include="offsets 18.04.2021 .h">
      <Filter>Headers</Filter>
    </ClInclude>
  </ItemGroup>
  <ItemGroup>
    <None Include="minhook\MinHook.def">
      <Filter>MinHook</Filter>
    </None>
  </ItemGroup>
</Project>